PackratFormat: 1.4
PackratVersion: 0.4.0.12
RVersion: 3.0.3
Repos: CRAN=http://cran.rstudio.com,
    CRANextra=http://www.stats.ox.ac.uk/pub/RWin

Package: packrat
Source: github
Version: 0.4.0.12
GithubRepo: packrat
GithubUsername: rstudio
GithubRef: master
GithubSha1: e738f79a22521c57fad67a1679302385973cd958
Hash: e738f79a22521c57fad67a1679302385973cd958

Package: RJSONIO
Source: CRAN
Version: 1.2-0.2
Hash: f4aea783dfb279b89a0d735727fb46c5

Package: RODBC
Source: CRAN
Version: 1.3-10
Hash: b26466eb2fe1ca2cdfab248be0f3d0ac

Package: stringr
Source: CRAN
Version: 0.6.2
Hash: cdde0cfa0f52cffeaca23a11a3899779
